
Microsoft Visual Studio Solution File, Format Version 12.00
# Visual Studio Version 17
Project("{8BC9CEB8-8B4A-11D0-8D11-00A0C91BC942}") = "SparseVoxelOctreeRenderer", "SparseVoxelOctreeRenderer\SparseVoxelOctreeRenderer.vcxproj", "{9A850553-0648-39DD-4FF8-C769BBF911BB}"
EndProject
Project("{8BC9CEB8-8B4A-11D0-8D11-00A0C91BC942}") = "DXFramework", "DXFramework\DXFramework.vcxproj", "{EFA77DFB-5B5D-F6F0-E451-F0C75006EDF4}"
EndProject
Global
	GlobalSection(SolutionConfigurationPlatforms) = preSolution
		Debug|x64 = Debug|x64
		Release|x64 = Release|x64
	EndGlobalSection
	GlobalSection(ProjectConfigurationPlatforms) = postSolution
		{9A850553-0648-39DD-4FF8-C769BBF911BB}.Debug|x64.ActiveCfg = Debug|x64
		{9A850553-0648-39DD-4FF8-C769BBF911BB}.Debug|x64.Build.0 = Debug|x64
		{9A850553-0648-39DD-4FF8-C769BBF911BB}.Release|x64.ActiveCfg = Release|x64
		{9A850553-0648-39DD-4FF8-C769BBF911BB}.Release|x64.Build.0 = Release|x64
		{EFA77DFB-5B5D-F6F0-E451-F0C75006EDF4}.Debug|x64.ActiveCfg = Debug|x64
		{EFA77DFB-5B5D-F6F0-E451-F0C75006EDF4}.Debug|x64.Build.0 = Debug|x64
		{EFA77DFB-5B5D-F6F0-E451-F0C75006EDF4}.Release|x64.ActiveCfg = Release|x64
		{EFA77DFB-5B5D-F6F0-E451-F0C75006EDF4}.Release|x64.Build.0 = Release|x64
	EndGlobalSection
	GlobalSection(SolutionProperties) = preSolution
		HideSolutionNode = FALSE
	EndGlobalSection
EndGlobal
