<?xml version="1.0" encoding="utf-8"?>
<Project ToolsVersion="4.0" xmlns="http://schemas.microsoft.com/developer/msbuild/2003">
  <ItemGroup>
    <Filter Include="Source Files">
      <UniqueIdentifier>{4FC737F1-C7A5-4376-A066-2A32D752A2FF}</UniqueIdentifier>
      <Extensions>cpp;c;cc;cxx;def;odl;idl;hpj;bat;asm;asmx</Extensions>
    </Filter>
    <Filter Include="Header Files">
      <UniqueIdentifier>{93995380-89BD-4b04-88EB-625FBE52EBFB}</UniqueIdentifier>
      <Extensions>h;hh;hpp;hxx;hm;inl;inc;xsd</Extensions>
    </Filter>
    <Filter Include="Resource Files">
      <UniqueIdentifier>{67DA6AB6-F800-4c08-8B7A-83BB121AAD01}</UniqueIdentifier>
      <Extensions>rc;ico;cur;bmp;dlg;rc2;rct;bin;rgs;gif;jpg;jpeg;jpe;resx;tiff;tif;png;wav;mfcribbon-ms</Extensions>
    </Filter>
    <Filter Include="Feasibility">
      <UniqueIdentifier>{9450c205-694f-46b9-b12a-8b4f471462dc}</UniqueIdentifier>
    </Filter>
    <Filter Include="Feasibility\Rendering">
      <UniqueIdentifier>{0387083a-4756-4a78-9b3f-73c1c0698ecd}</UniqueIdentifier>
    </Filter>
    <Filter Include="Feasibility\Structures">
      <UniqueIdentifier>{01b4408d-bb94-4524-8070-43d808de8e8b}</UniqueIdentifier>
    </Filter>
    <Filter Include="Feasibility\Structures\BVH">
      <UniqueIdentifier>{4541963d-1f04-471b-9ab8-f90c6caabd88}</UniqueIdentifier>
    </Filter>
    <Filter Include="Feasibility\Structures\Quadtree">
      <UniqueIdentifier>{90822c35-dc25-453a-8a43-889777a3fe72}</UniqueIdentifier>
    </Filter>
    <Filter Include="Feasibility\Structures\Octree">
      <UniqueIdentifier>{d6c61d28-208a-4fce-a170-4c23a2600f7e}</UniqueIdentifier>
    </Filter>
    <Filter Include="VoxelLoading">
      <UniqueIdentifier>{5ab07cda-251b-4d08-bc62-8fefc32544ba}</UniqueIdentifier>
    </Filter>
    <Filter Include="ComputeShader">
      <UniqueIdentifier>{86adf695-f989-402e-80a4-353f22ce6c3e}</UniqueIdentifier>
    </Filter>
  </ItemGroup>
  <ItemGroup>
    <ClCompile Include="Main.cpp">
      <Filter>Source Files</Filter>
    </ClCompile>
    <ClCompile Include="GridApp.cpp">
      <Filter>Feasibility\Rendering</Filter>
    </ClCompile>
    <ClCompile Include="GridShader.cpp">
      <Filter>Feasibility\Rendering</Filter>
    </ClCompile>
    <ClCompile Include="BoundingVolumeHierarchy.cpp">
      <Filter>Feasibility\Structures\BVH</Filter>
    </ClCompile>
    <ClCompile Include="Quad\QuadTree.cpp">
      <Filter>Feasibility\Structures\Quadtree</Filter>
    </ClCompile>
    <ClCompile Include="Quad\Octree.cpp">
      <Filter>Feasibility\Structures\Octree</Filter>
    </ClCompile>
    <ClCompile Include="Quad\QuadTreeApp.cpp">
      <Filter>Feasibility\Structures</Filter>
    </ClCompile>
    <ClCompile Include="Quad\QuadTreeShader.cpp">
      <Filter>Feasibility\Structures</Filter>
    </ClCompile>
    <ClCompile Include="vox_file.cpp">
      <Filter>VoxelLoading</Filter>
    </ClCompile>
    <ClCompile Include="VoxModelApp.cpp">
      <Filter>VoxelLoading</Filter>
    </ClCompile>
    <ClCompile Include="BaseComputeShader.cpp">
      <Filter>ComputeShader</Filter>
    </ClCompile>
    <ClCompile Include="ComputeApp.cpp">
      <Filter>ComputeShader</Filter>
    </ClCompile>
    <ClCompile Include="ComputePipelineShader.cpp">
      <Filter>ComputeShader</Filter>
    </ClCompile>
    <ClCompile Include="BaseComputeTextureShader.cpp">
      <Filter>ComputeShader</Filter>
    </ClCompile>
  </ItemGroup>
  <ItemGroup>
    <ClInclude Include="GridShader.h">
      <Filter>Feasibility\Rendering</Filter>
    </ClInclude>
    <ClInclude Include="GridApp.h">
      <Filter>Feasibility\Rendering</Filter>
    </ClInclude>
    <ClInclude Include="BoundingVolumeHierarchy.h">
      <Filter>Feasibility\Structures\BVH</Filter>
    </ClInclude>
    <ClInclude Include="Quad\QuadTree.h">
      <Filter>Feasibility\Structures\Quadtree</Filter>
    </ClInclude>
    <ClInclude Include="Quad\Octree.h">
      <Filter>Feasibility\Structures\Octree</Filter>
    </ClInclude>
    <ClInclude Include="Quad\QuadTreeApp.h">
      <Filter>Feasibility\Structures</Filter>
    </ClInclude>
    <ClInclude Include="Quad\QuadTreeShader.h">
      <Filter>Feasibility\Structures</Filter>
    </ClInclude>
    <ClInclude Include="vox_file.h">
      <Filter>VoxelLoading</Filter>
    </ClInclude>
    <ClInclude Include="VoxModelApp.h">
      <Filter>VoxelLoading</Filter>
    </ClInclude>
    <ClInclude Include="BaseComputeShader.h">
      <Filter>ComputeShader</Filter>
    </ClInclude>
    <ClInclude Include="ComputeApp.h">
      <Filter>ComputeShader</Filter>
    </ClInclude>
    <ClInclude Include="ComputePipelineShader.h">
      <Filter>ComputeShader</Filter>
    </ClInclude>
    <ClInclude Include="BaseComputeTextureShader.h">
      <Filter>ComputeShader</Filter>
    </ClInclude>
  </ItemGroup>
  <ItemGroup>
    <FxCompile Include="grid_vs.hlsl">
      <Filter>Feasibility\Rendering</Filter>
    </FxCompile>
    <FxCompile Include="grid_ps.hlsl">
      <Filter>Feasibility\Rendering</Filter>
    </FxCompile>
    <FxCompile Include="Quad\quadtreeshader_ps.hlsl">
      <Filter>Feasibility\Rendering</Filter>
    </FxCompile>
    <FxCompile Include="Quad\quadtreeshader_vs.hlsl">
      <Filter>Feasibility\Rendering</Filter>
    </FxCompile>
    <FxCompile Include="ComputeTest_cs.hlsl">
      <Filter>ComputeShader</Filter>
    </FxCompile>
    <FxCompile Include="ComputePipeline_vs.hlsl">
      <Filter>ComputeShader</Filter>
    </FxCompile>
    <FxCompile Include="ComputePipeline_ps.hlsl">
      <Filter>ComputeShader</Filter>
    </FxCompile>
    <FxCompile Include="ComputeTexture_cs.hlsl">
      <Filter>ComputeShader</Filter>
    </FxCompile>
  </ItemGroup>
  <ItemGroup>
    <None Include="GridShading.hlsli">
      <Filter>Feasibility\Rendering</Filter>
    </None>
    <None Include="Tracer.hlsli">
      <Filter>Feasibility\Rendering</Filter>
    </None>
  </ItemGroup>
</Project>